{
  "originHash" : "665999c3fa52199de9bb4ef5bb4eb2ccb17419278d51a3616c81bbeadca44d44",
  "pins" : [
    {
      "identity" : "swiftlintplugins",
      "kind" : "remoteSourceControl",
      "location" : "https://github.com/SimplyDanny/SwiftLintPlugins",
      "state" : {
        "revision" : "b8431a26655378581890d56b95a0b59aba9f62da"
      }
    }
  ],
  "version" : 3
}
